
Microsoft Visual Studio Solution File, Format Version 12.00
# Visual Studio Version 17
VisualStudioVersion = 17.9.34728.123
MinimumVisualStudioVersion = 10.0.40219.1
Project("{8BC9CEB8-8B4A-11D0-8D11-00A0C91BC942}") = "特效图9", "特效图9\特效图9.vcxproj", "{B1491E53-BD07-4BDC-88CB-23E2348632F8}"
EndProject
Global
	GlobalSection(SolutionConfigurationPlatforms) = preSolution
		Debug|x64 = Debug|x64
		Debug|x86 = Debug|x86
		Release|x64 = Release|x64
		Release|x86 = Release|x86
	EndGlobalSection
	GlobalSection(ProjectConfigurationPlatforms) = postSolution
		{B1491E53-BD07-4BDC-88CB-23E2348632F8}.Debug|x64.ActiveCfg = Debug|x64
		{B1491E53-BD07-4BDC-88CB-23E2348632F8}.Debug|x64.Build.0 = Debug|x64
		{B1491E53-BD07-4BDC-88CB-23E2348632F8}.Debug|x86.ActiveCfg = Debug|Win32
		{B1491E53-BD07-4BDC-88CB-23E2348632F8}.Debug|x86.Build.0 = Debug|Win32
		{B1491E53-BD07-4BDC-88CB-23E2348632F8}.Release|x64.ActiveCfg = Release|x64
		{B1491E53-BD07-4BDC-88CB-23E2348632F8}.Release|x64.Build.0 = Release|x64
		{B1491E53-BD07-4BDC-88CB-23E2348632F8}.Release|x86.ActiveCfg = Release|Win32
		{B1491E53-BD07-4BDC-88CB-23E2348632F8}.Release|x86.Build.0 = Release|Win32
	EndGlobalSection
	GlobalSection(SolutionProperties) = preSolution
		HideSolutionNode = FALSE
	EndGlobalSection
	GlobalSection(ExtensibilityGlobals) = postSolution
		SolutionGuid = {C23F6FE1-4C18-4055-902D-FF09CBEBE4EC}
	EndGlobalSection
EndGlobal
