
Microsoft Visual Studio Solution File, Format Version 12.00
# Visual Studio Version 17
VisualStudioVersion = 17.8.34511.84
MinimumVisualStudioVersion = 10.0.40219.1
Project("{8BC9CEB8-8B4A-11D0-8D11-00A0C91BC942}") = "text3.4", "text3.4\text3.4.vcxproj", "{4F5C0DAC-E6E5-4EEA-AFB3-C95385B29CEB}"
EndProject
Global
	GlobalSection(SolutionConfigurationPlatforms) = preSolution
		Debug|x64 = Debug|x64
		Debug|x86 = Debug|x86
		Release|x64 = Release|x64
		Release|x86 = Release|x86
	EndGlobalSection
	GlobalSection(ProjectConfigurationPlatforms) = postSolution
		{4F5C0DAC-E6E5-4EEA-AFB3-C95385B29CEB}.Debug|x64.ActiveCfg = Debug|x64
		{4F5C0DAC-E6E5-4EEA-AFB3-C95385B29CEB}.Debug|x64.Build.0 = Debug|x64
		{4F5C0DAC-E6E5-4EEA-AFB3-C95385B29CEB}.Debug|x86.ActiveCfg = Debug|Win32
		{4F5C0DAC-E6E5-4EEA-AFB3-C95385B29CEB}.Debug|x86.Build.0 = Debug|Win32
		{4F5C0DAC-E6E5-4EEA-AFB3-C95385B29CEB}.Release|x64.ActiveCfg = Release|x64
		{4F5C0DAC-E6E5-4EEA-AFB3-C95385B29CEB}.Release|x64.Build.0 = Release|x64
		{4F5C0DAC-E6E5-4EEA-AFB3-C95385B29CEB}.Release|x86.ActiveCfg = Release|Win32
		{4F5C0DAC-E6E5-4EEA-AFB3-C95385B29CEB}.Release|x86.Build.0 = Release|Win32
	EndGlobalSection
	GlobalSection(SolutionProperties) = preSolution
		HideSolutionNode = FALSE
	EndGlobalSection
	GlobalSection(ExtensibilityGlobals) = postSolution
		SolutionGuid = {88C915D6-336F-46C6-8072-BCA634908BD9}
	EndGlobalSection
EndGlobal
